# @generated - this file is auto-generated by `mise lock` https://mise.jdx.dev/dev-tools/mise-lock.html

lockfile_version = 3

[[tools.python]]
version = "3.11.16"
backend = "core:python"
specifiers = ["3.11"]

[tools.python."platforms.linux-arm64"]
checksum = "sha256:0fe7a9925be231f38c7dffc92eb7f5cf47b121661899ffdb9bc77adfdc74ad2f"
url = "https://github.com/astral-sh/python-build-standalone/releases/download/20260929/cpython-3.11.16+20260929-aarch64-unknown-linux-gnu-install_only_stripped.tar.gz"
provenance = "github-attestations"

[tools.python."platforms.linux-arm64-musl"]
checksum = "sha256:1a38e436fa144149c8d9562ceac8b243c97013058d61903cde591a8216461679"
url = "https://github.com/astral-sh/python-build-standalone/releases/download/20260929/cpython-3.11.16+20260929-aarch64-unknown-linux-musl-install_only_stripped.tar.gz"
provenance = "github-attestations"

[tools.python."platforms.linux-x64"]
checksum = "sha256:f05084f3fbd7a0c7ed762ea6fd2455976a463952bb5c3253fc6cdc777f84728d"
url = "https://github.com/astral-sh/python-build-standalone/releases/download/20260929/cpython-3.11.16+20260929-x86_64-unknown-linux-gnu-install_only_stripped.tar.gz"
provenance = "github-attestations"

[tools.python."platforms.linux-x64-musl"]
checksum = "sha256:88df3ffae0ba380ed54c1f6c08697681ba70612fb44fbe7f2e7d122927c1ae31"
url = "https://github.com/astral-sh/python-build-standalone/releases/download/20260929/cpython-3.11.16+20260929-x86_64-unknown-linux-musl-install_only_stripped.tar.gz"
provenance = "github-attestations"

[tools.python."platforms.macos-arm64"]
checksum = "sha256:53141f31b7cfb2bccf89c2a877827128657dbb8650db06a9a08c7886c28a45ed"
url = "https://github.com/astral-sh/python-build-standalone/releases/download/20260929/cpython-3.11.16+20260929-aarch64-apple-darwin-install_only_stripped.tar.gz"
provenance = "github-attestations"

[tools.python."platforms.macos-x64"]
checksum = "sha256:d1143a947050fbbd17edc0d66ff3f7a63205c8364ef108bddfeece5f360096f8"
url = "https://github.com/astral-sh/python-build-standalone/releases/download/20260929/cpython-3.11.16+20260929-x86_64-apple-darwin-install_only_stripped.tar.gz"
provenance = "github-attestations"

[tools.python."platforms.windows-x64"]
checksum = "sha256:7b0e380ea5690cef71edbaa282e585ec08ffbece7ea8155546939adeb3377e44"
url = "https://github.com/astral-sh/python-build-standalone/releases/download/20260929/cpython-3.11.16+20260929-x86_64-pc-windows-msvc-install_only_stripped.tar.gz"
provenance = "github-attestations"

[[tools.uv]]
version = "0.10.9"
backend = "aqua:astral-sh/uv"
specifiers = ["0.10.9"]

[tools.uv."platforms.linux-arm64"]
checksum = "sha256:cc0c5a8573e7d6d78aecb954e0a62b5c0d18217bb81f1e19363b428c57a9962a"
url = "https://github.com/astral-sh/uv/releases/download/0.10.9/uv-aarch64-unknown-linux-gnu.tar.gz"
url_api = "https://api.github.com/repos/astral-sh/uv/releases/assets/368521050"
provenance = "github-attestations"

[tools.uv."platforms.linux-arm64-musl"]
checksum = "sha256:05b0d3087e913ebe11756365a90dd47c05d6728752fdbe129ad4c3ccd769826d"
url = "https://github.com/astral-sh/uv/releases/download/0.10.9/uv-aarch64-unknown-linux-musl.tar.gz"
url_api = "https://api.github.com/repos/astral-sh/uv/releases/assets/368521058"
provenance = "github-attestations"

[tools.uv."platforms.linux-x64"]
checksum = "sha256:20d79708222611fa540b5c9ed84f352bcd3937740e51aacc0f8b15b271c57594"
url = "https://github.com/astral-sh/uv/releases/download/0.10.9/uv-x86_64-unknown-linux-gnu.tar.gz"
url_api = "https://api.github.com/repos/astral-sh/uv/releases/assets/368521117"
provenance = "github-attestations"

[tools.uv."platforms.linux-x64-musl"]
checksum = "sha256:433e56874739e92c7cfd661ba9e5f287b376ca612c08c8194a41a98a13158aea"
url = "https://github.com/astral-sh/uv/releases/download/0.10.9/uv-x86_64-unknown-linux-musl.tar.gz"
url_api = "https://api.github.com/repos/astral-sh/uv/releases/assets/368521121"
provenance = "github-attestations"

[tools.uv."platforms.macos-arm64"]
checksum = "sha256:a92f61e9ac9b0f29668c15f56152e4a60143fca148ff5bfadb86718472c3f376"
url = "https://github.com/astral-sh/uv/releases/download/0.10.9/uv-aarch64-apple-darwin.tar.gz"
url_api = "https://api.github.com/repos/astral-sh/uv/releases/assets/368521045"
provenance = "github-attestations"

[tools.uv."platforms.macos-x64"]
checksum = "sha256:9cc2de7d195fa157f98b306a8a1cb151ded93f488939b93363cebc8b9d598c28"
url = "https://github.com/astral-sh/uv/releases/download/0.10.9/uv-x86_64-apple-darwin.tar.gz"
url_api = "https://api.github.com/repos/astral-sh/uv/releases/assets/368521104"
provenance = "github-attestations"

[tools.uv."platforms.windows-x64"]
checksum = "sha256:f58dc40896000229db7c52b8bdd931394040ef2ad59abd1eda841f6d70b13d7a"
url = "https://github.com/astral-sh/uv/releases/download/0.10.9/uv-x86_64-pc-windows-msvc.zip"
url_api = "https://api.github.com/repos/astral-sh/uv/releases/assets/368521113"
provenance = "github-attestations"
